
Microsoft Visual Studio Solution File, Format Version 12.00
# Visual Studio Version 16
VisualStudioVersion = 16.0.30204.135
MinimumVisualStudioVersion = 10.0.40219.1
Project("{9A19103F-16F7-4668-BE54-9A1E7A4F7556}") = "dotnetcoreproject", "dotnetcoreproject.csproj", "{421F4859-5FF9-4FB0-BD28-47EDBD50C1DE}"
EndProject
Global
	GlobalSection(SolutionConfigurationPlatforms) = preSolution
		Debug|Any CPU = Debug|Any CPU
		Release|Any CPU = Release|Any CPU
	EndGlobalSection
	GlobalSection(ProjectConfigurationPlatforms) = postSolution
		{421F4859-5FF9-4FB0-BD28-47EDBD50C1DE}.Debug|Any CPU.ActiveCfg = Debug|Any CPU
		{421F4859-5FF9-4FB0-BD28-47EDBD50C1DE}.Debug|Any CPU.Build.0 = Debug|Any CPU
		{421F4859-5FF9-4FB0-BD28-47EDBD50C1DE}.Release|Any CPU.ActiveCfg = Release|Any CPU
		{421F4859-5FF9-4FB0-BD28-47EDBD50C1DE}.Release|Any CPU.Build.0 = Release|Any CPU
	EndGlobalSection
	GlobalSection(SolutionProperties) = preSolution
		HideSolutionNode = FALSE
	EndGlobalSection
	GlobalSection(ExtensibilityGlobals) = postSolution
		SolutionGuid = {CF343D3A-C95F-4293-B86B-D7317EADC1DD}
	EndGlobalSection
EndGlobal
